
Microsoft Visual Studio Solution File, Format Version 12.00
# Visual Studio Version 17
VisualStudioVersion = 17.8.34330.188
MinimumVisualStudioVersion = 10.0.40219.1
Project("{FAE04EC0-301F-11D3-BF4B-00C04F79EFBC}") = "SalesWebMvc", "SalesWebMvc\SalesWebMvc.csproj", "{C6AF95ED-6067-4E8A-8404-B058B53B8FBE}"
EndProject
Global
	GlobalSection(SolutionConfigurationPlatforms) = preSolution
		Debug|Any CPU = Debug|Any CPU
		Release|Any CPU = Release|Any CPU
	EndGlobalSection
	GlobalSection(ProjectConfigurationPlatforms) = postSolution
		{C6AF95ED-6067-4E8A-8404-B058B53B8FBE}.Debug|Any CPU.ActiveCfg = Debug|Any CPU
		{C6AF95ED-6067-4E8A-8404-B058B53B8FBE}.Debug|Any CPU.Build.0 = Debug|Any CPU
		{C6AF95ED-6067-4E8A-8404-B058B53B8FBE}.Release|Any CPU.ActiveCfg = Release|Any CPU
		{C6AF95ED-6067-4E8A-8404-B058B53B8FBE}.Release|Any CPU.Build.0 = Release|Any CPU
	EndGlobalSection
	GlobalSection(SolutionProperties) = preSolution
		HideSolutionNode = FALSE
	EndGlobalSection
	GlobalSection(ExtensibilityGlobals) = postSolution
		SolutionGuid = {060AD3DF-97A1-4812-A341-4B0BF62F2B4A}
	EndGlobalSection
EndGlobal
